// !$*UTF8*$!
{
	archiveVersion = 1;
	classes = {
	};
	objectVersion = 46;
	objects = {

/* Begin PBXBuildFile section */
		AB56F2701D17C2AA009AAF59 /* 331. Verify Preorder Serialization of a Binary Tree.cpp in Sources */ = {isa = PBXBuildFile; fileRef = AB56F26E1D17C2AA009AAF59 /* 331. Verify Preorder Serialization of a Binary Tree.cpp */; };
		ABB0E6C01D11661200C0C53C /* main.cpp in Sources */ = {isa = PBXBuildFile; fileRef = ABB0E6BF1D11661200C0C53C /* main.cpp */; };
/* End PBXBuildFile section */

/* Begin PBXCopyFilesBuildPhase section */
		ABB0E6BA1D11661200C0C53C /* CopyFiles */ = {
			isa = PBXCopyFilesBuildPhase;
			buildActionMask = 2147483647;
			dstPath = /usr/share/man/man1/;
			dstSubfolderSpec = 0;
			files = (
			);
			runOnlyForDeploymentPostprocessing = 1;
		};
/* End PBXCopyFilesBuildPhase section */

/* Begin PBXFileReference section */
		AB56F26C1D17B9FB009AAF59 /* 274. H-Index.hpp */ = {isa = PBXFileReference; fileEncoding = 4; lastKnownFileType = sourcecode.cpp.h; path = "274. H-Index.hpp"; sourceTree = "<group>"; };
		AB56F26E1D17C2AA009AAF59 /* 331. Verify Preorder Serialization of a Binary Tree.cpp */ = {isa = PBXFileReference; fileEncoding = 4; lastKnownFileType = sourcecode.cpp.cpp; path = "331. Verify Preorder Serialization of a Binary Tree.cpp"; sourceTree = "<group>"; };
		AB56F26F1D17C2AA009AAF59 /* 331. Verify Preorder Serialization of a Binary Tree.hpp */ = {isa = PBXFileReference; fileEncoding = 4; lastKnownFileType = sourcecode.cpp.h; path = "331. Verify Preorder Serialization of a Binary Tree.hpp"; sourceTree = "<group>"; };
		AB56F2721D17D395009AAF59 /* 78. Subsets.hpp */ = {isa = PBXFileReference; fileEncoding = 4; lastKnownFileType = sourcecode.cpp.h; path = "78. Subsets.hpp"; sourceTree = "<group>"; };
		AB56F2751D17E661009AAF59 /* 33. Search in Rotated Sorted Array.hpp */ = {isa = PBXFileReference; fileEncoding = 4; lastKnownFileType = sourcecode.cpp.h; path = "33. Search in Rotated Sorted Array.hpp"; sourceTree = "<group>"; };
		ABB0E6BF1D11661200C0C53C /* main.cpp */ = {isa = PBXFileReference; lastKnownFileType = sourcecode.cpp.cpp; path = main.cpp; sourceTree = "<group>"; };
		ABB0E6C71D11667F00C0C53C /* 279. Perfect Squares.hpp */ = {isa = PBXFileReference; fileEncoding = 4; lastKnownFileType = sourcecode.cpp.h; path = "279. Perfect Squares.hpp"; sourceTree = "<group>"; };
		ABB0E6CA1D1271D500C0C53C /* leetcode */ = {isa = PBXFileReference; explicitFileType = "compiled.mach-o.executable"; includeInIndex = 0; path = leetcode; sourceTree = BUILT_PRODUCTS_DIR; };
		ABB0E6CD1D12721F00C0C53C /* 129. Sum Root to Leaf Numbers.hpp */ = {isa = PBXFileReference; fileEncoding = 4; lastKnownFileType = sourcecode.cpp.h; path = "129. Sum Root to Leaf Numbers.hpp"; sourceTree = "<group>"; };
		ABB0E6D01D1287E300C0C53C /* 80. Remove Duplicates from Sorted Array II.h */ = {isa = PBXFileReference; lastKnownFileType = sourcecode.c.h; path = "80. Remove Duplicates from Sorted Array II.h"; sourceTree = "<group>"; };
		ABB0E6D11D12FACD00C0C53C /* findLongestPalindrome.h */ = {isa = PBXFileReference; lastKnownFileType = sourcecode.c.h; path = findLongestPalindrome.h; sourceTree = "<group>"; };
/* End PBXFileReference section */

/* Begin PBXFrameworksBuildPhase section */
		ABB0E6B91D11661200C0C53C /* Frameworks */ = {
			isa = PBXFrameworksBuildPhase;
			buildActionMask = 2147483647;
			files = (
			);
			runOnlyForDeploymentPostprocessing = 0;
		};
/* End PBXFrameworksBuildPhase section */

/* Begin PBXGroup section */
		ABB0E6B31D11661200C0C53C = {
			isa = PBXGroup;
			children = (
				ABB0E6BE1D11661200C0C53C /* leetcode */,
				ABB0E6CA1D1271D500C0C53C /* leetcode */,
			);
			sourceTree = "<group>";
		};
		ABB0E6BE1D11661200C0C53C /* leetcode */ = {
			isa = PBXGroup;
			children = (
				ABB0E6BF1D11661200C0C53C /* main.cpp */,
				ABB0E6C71D11667F00C0C53C /* 279. Perfect Squares.hpp */,
				ABB0E6CD1D12721F00C0C53C /* 129. Sum Root to Leaf Numbers.hpp */,
				ABB0E6D01D1287E300C0C53C /* 80. Remove Duplicates from Sorted Array II.h */,
				ABB0E6D11D12FACD00C0C53C /* findLongestPalindrome.h */,
				AB56F26C1D17B9FB009AAF59 /* 274. H-Index.hpp */,
				AB56F26E1D17C2AA009AAF59 /* 331. Verify Preorder Serialization of a Binary Tree.cpp */,
				AB56F26F1D17C2AA009AAF59 /* 331. Verify Preorder Serialization of a Binary Tree.hpp */,
				AB56F2721D17D395009AAF59 /* 78. Subsets.hpp */,
				AB56F2751D17E661009AAF59 /* 33. Search in Rotated Sorted Array.hpp */,
			);
			path = leetcode;
			sourceTree = "<group>";
		};
/* End PBXGroup section */

/* Begin PBXNativeTarget section */
		ABB0E6BB1D11661200C0C53C /* leetcode */ = {
			isa = PBXNativeTarget;
			buildConfigurationList = ABB0E6C31D11661200C0C53C /* Build configuration list for PBXNativeTarget "leetcode" */;
			buildPhases = (
				ABB0E6B81D11661200C0C53C /* Sources */,
				ABB0E6B91D11661200C0C53C /* Frameworks */,
				ABB0E6BA1D11661200C0C53C /* CopyFiles */,
			);
			buildRules = (
			);
			dependencies = (
			);
			name = leetcode;
			productName = leetcode;
			productReference = ABB0E6CA1D1271D500C0C53C /* leetcode */;
			productType = "com.apple.product-type.tool";
		};
/* End PBXNativeTarget section */

/* Begin PBXProject section */
		ABB0E6B41D11661200C0C53C /* Project object */ = {
			isa = PBXProject;
			attributes = {
				LastUpgradeCheck = 0730;
				ORGANIZATIONNAME = c0rpse;
				TargetAttributes = {
					ABB0E6BB1D11661200C0C53C = {
						CreatedOnToolsVersion = 7.3.1;
					};
				};
			};
			buildConfigurationList = ABB0E6B71D11661200C0C53C /* Build configuration list for PBXProject "leetcode" */;
			compatibilityVersion = "Xcode 3.2";
			developmentRegion = English;
			hasScannedForEncodings = 0;
			knownRegions = (
				en,
			);
			mainGroup = ABB0E6B31D11661200C0C53C;
			productRefGroup = ABB0E6B31D11661200C0C53C;
			projectDirPath = "";
			projectRoot = "";
			targets = (
				ABB0E6BB1D11661200C0C53C /* leetcode */,
			);
		};
/* End PBXProject section */

/* Begin PBXSourcesBuildPhase section */
		ABB0E6B81D11661200C0C53C /* Sources */ = {
			isa = PBXSourcesBuildPhase;
			buildActionMask = 2147483647;
			files = (
				AB56F2701D17C2AA009AAF59 /* 331. Verify Preorder Serialization of a Binary Tree.cpp in Sources */,
				ABB0E6C01D11661200C0C53C /* main.cpp in Sources */,
			);
			runOnlyForDeploymentPostprocessing = 0;
		};
/* End PBXSourcesBuildPhase section */

/* Begin XCBuildConfiguration section */
		ABB0E6C11D11661200C0C53C /* Debug */ = {
			isa = XCBuildConfiguration;
			buildSettings = {
				ALWAYS_SEARCH_USER_PATHS = NO;
				CLANG_ANALYZER_NONNULL = YES;
				CLANG_CXX_LANGUAGE_STANDARD = "gnu++0x";
				CLANG_CXX_LIBRARY = "libc++";
				CLANG_ENABLE_MODULES = YES;
				CLANG_ENABLE_OBJC_ARC = YES;
				CLANG_WARN_BOOL_CONVERSION = YES;
				CLANG_WARN_CONSTANT_CONVERSION = YES;
				CLANG_WARN_DIRECT_OBJC_ISA_USAGE = YES_ERROR;
				CLANG_WARN_EMPTY_BODY = YES;
				CLANG_WARN_ENUM_CONVERSION = YES;
				CLANG_WARN_INT_CONVERSION = YES;
				CLANG_WARN_OBJC_ROOT_CLASS = YES_ERROR;
				CLANG_WARN_UNREACHABLE_CODE = YES;
				CLANG_WARN__DUPLICATE_METHOD_MATCH = YES;
				CODE_SIGN_IDENTITY = "-";
				COPY_PHASE_STRIP = NO;
				DEBUG_INFORMATION_FORMAT = dwarf;
				ENABLE_STRICT_OBJC_MSGSEND = YES;
				ENABLE_TESTABILITY = YES;
				GCC_C_LANGUAGE_STANDARD = gnu99;
				GCC_DYNAMIC_NO_PIC = NO;
				GCC_NO_COMMON_BLOCKS = YES;
				GCC_OPTIMIZATION_LEVEL = 0;
				GCC_PREPROCESSOR_DEFINITIONS = (
					"DEBUG=1",
					"$(inherited)",
				);
				GCC_WARN_64_TO_32_BIT_CONVERSION = YES;
				GCC_WARN_ABOUT_RETURN_TYPE = YES_ERROR;
				GCC_WARN_UNDECLARED_SELECTOR = YES;
				GCC_WARN_UNINITIALIZED_AUTOS = YES_AGGRESSIVE;
				GCC_WARN_UNUSED_FUNCTION = YES;
				GCC_WARN_UNUSED_VARIABLE = YES;
				MACOSX_DEPLOYMENT_TARGET = 10.11;
				MTL_ENABLE_DEBUG_INFO = YES;
				ONLY_ACTIVE_ARCH = YES;
				SDKROOT = macosx;
			};
			name = Debug;
		};
		ABB0E6C21D11661200C0C53C /* Release */ = {
			isa = XCBuildConfiguration;
			buildSettings = {
				ALWAYS_SEARCH_USER_PATHS = NO;
				CLANG_ANALYZER_NONNULL = YES;
				CLANG_CXX_LANGUAGE_STANDARD = "gnu++0x";
				CLANG_CXX_LIBRARY = "libc++";
				CLANG_ENABLE_MODULES = YES;
				CLANG_ENABLE_OBJC_ARC = YES;
				CLANG_WARN_BOOL_CONVERSION = YES;
				CLANG_WARN_CONSTANT_CONVERSION = YES;
				CLANG_WARN_DIRECT_OBJC_ISA_USAGE = YES_ERROR;
				CLANG_WARN_EMPTY_BODY = YES;
				CLANG_WARN_ENUM_CONVERSION = YES;
				CLANG_WARN_INT_CONVERSION = YES;
				CLANG_WARN_OBJC_ROOT_CLASS = YES_ERROR;
				CLANG_WARN_UNREACHABLE_CODE = YES;
				CLANG_WARN__DUPLICATE_METHOD_MATCH = YES;
				CODE_SIGN_IDENTITY = "-";
				COPY_PHASE_STRIP = NO;
				DEBUG_INFORMATION_FORMAT = "dwarf-with-dsym";
				ENABLE_NS_ASSERTIONS = NO;
				ENABLE_STRICT_OBJC_MSGSEND = YES;
				GCC_C_LANGUAGE_STANDARD = gnu99;
				GCC_NO_COMMON_BLOCKS = YES;
				GCC_WARN_64_TO_32_BIT_CONVERSION = YES;
				GCC_WARN_ABOUT_RETURN_TYPE = YES_ERROR;
				GCC_WARN_UNDECLARED_SELECTOR = YES;
				GCC_WARN_UNINITIALIZED_AUTOS = YES_AGGRESSIVE;
				GCC_WARN_UNUSED_FUNCTION = YES;
				GCC_WARN_UNUSED_VARIABLE = YES;
				MACOSX_DEPLOYMENT_TARGET = 10.11;
				MTL_ENABLE_DEBUG_INFO = NO;
				SDKROOT = macosx;
			};
			name = Release;
		};
		ABB0E6C41D11661200C0C53C /* Debug */ = {
			isa = XCBuildConfiguration;
			buildSettings = {
				PRODUCT_NAME = "$(TARGET_NAME)";
			};
			name = Debug;
		};
		ABB0E6C51D11661200C0C53C /* Release */ = {
			isa = XCBuildConfiguration;
			buildSettings = {
				PRODUCT_NAME = "$(TARGET_NAME)";
			};
			name = Release;
		};
/* End XCBuildConfiguration section */

/* Begin XCConfigurationList section */
		ABB0E6B71D11661200C0C53C /* Build configuration list for PBXProject "leetcode" */ = {
			isa = XCConfigurationList;
			buildConfigurations = (
				ABB0E6C11D11661200C0C53C /* Debug */,
				ABB0E6C21D11661200C0C53C /* Release */,
			);
			defaultConfigurationIsVisible = 0;
			defaultConfigurationName = Release;
		};
		ABB0E6C31D11661200C0C53C /* Build configuration list for PBXNativeTarget "leetcode" */ = {
			isa = XCConfigurationList;
			buildConfigurations = (
				ABB0E6C41D11661200C0C53C /* Debug */,
				ABB0E6C51D11661200C0C53C /* Release */,
			);
			defaultConfigurationIsVisible = 0;
			defaultConfigurationName = Release;
		};
/* End XCConfigurationList section */
	};
	rootObject = ABB0E6B41D11661200C0C53C /* Project object */;
}
